{
  "nodes": {
    "nixCats": {
      "locked": {
        "lastModified": 1741702382,
        "narHash": "sha256-6ZtUDbEfXAUTh4HJoxiwCqDA4ozkRGPTOBnNYt/SuGE=",
        "owner": "BirdeeHub",
        "repo": "nixCats-nvim",
        "rev": "b8c4619d6cc2c79c1f760ad9fd78da366014da1b",
        "type": "github"
      },
      "original": {
        "owner": "BirdeeHub",
        "repo": "nixCats-nvim",
        "type": "github"
      }
    },
    "nixpkgs": {
      "locked": {
        "lastModified": 1741678040,
        "narHash": "sha256-rmBsz7BBcDwfvDkxnKHmolKceGJrr0nyz5PQYZg0kMk=",
        "owner": "nixos",
        "repo": "nixpkgs",
        "rev": "3ee8818da146871cd570b164fc4f438f78479a50",
        "type": "github"
      },
      "original": {
        "owner": "nixos",
        "ref": "nixpkgs-unstable",
        "repo": "nixpkgs",
        "type": "github"
      }
    },
    "plugins-spaceduck": {
      "flake": false,
      "locked": {
        "lastModified": 1645472969,
        "narHash": "sha256-lE8y9BA2a4y0B6O3+NyOS7numoltmzhArgwTAner2fE=",
        "owner": "pineapplegiant",
        "repo": "spaceduck",
        "rev": "350491f19343b24fa85809242089caa02d4dadce",
        "type": "github"
      },
      "original": {
        "owner": "pineapplegiant",
        "repo": "spaceduck",
        "type": "github"
      }
    },
    "root": {
      "inputs": {
        "nixCats": "nixCats",
        "nixpkgs": "nixpkgs",
        "plugins-spaceduck": "plugins-spaceduck"
      }
    }
  },
  "root": "root",
  "version": 7
}
